
Microsoft Visual Studio Solution File, Format Version 12.00
# Visual Studio Version 16
VisualStudioVersion = 16.0.30621.155
MinimumVisualStudioVersion = 10.0.40219.1
Project("{FAE04EC0-301F-11D3-BF4B-00C04F79EFBC}") = "LinkedList", "LinkedList\LinkedList.csproj", "{33CE7F59-8574-4BBD-B39C-FAB7E2D9B16A}"
EndProject
Global
	GlobalSection(SolutionConfigurationPlatforms) = preSolution
		Debug|Any CPU = Debug|Any CPU
		Release|Any CPU = Release|Any CPU
	EndGlobalSection
	GlobalSection(ProjectConfigurationPlatforms) = postSolution
		{33CE7F59-8574-4BBD-B39C-FAB7E2D9B16A}.Debug|Any CPU.ActiveCfg = Debug|Any CPU
		{33CE7F59-8574-4BBD-B39C-FAB7E2D9B16A}.Debug|Any CPU.Build.0 = Debug|Any CPU
		{33CE7F59-8574-4BBD-B39C-FAB7E2D9B16A}.Release|Any CPU.ActiveCfg = Release|Any CPU
		{33CE7F59-8574-4BBD-B39C-FAB7E2D9B16A}.Release|Any CPU.Build.0 = Release|Any CPU
	EndGlobalSection
	GlobalSection(SolutionProperties) = preSolution
		HideSolutionNode = FALSE
	EndGlobalSection
	GlobalSection(ExtensibilityGlobals) = postSolution
		SolutionGuid = {64245153-A6E9-4136-9137-FF55F5F70731}
	EndGlobalSection
EndGlobal
